{
  "name": "Symchokit",
  "version": "1.0.1",
  "dependencies": {
    "amdefine": {
      "version": "1.0.0",
      "from": "amdefine@>=0.0.4",
      "resolved": "https://registry.npmjs.org/amdefine/-/amdefine-1.0.0.tgz"
    },
    "balanced-match": {
      "version": "0.4.1",
      "from": "balanced-match@>=0.4.1 <0.5.0",
      "resolved": "https://registry.npmjs.org/balanced-match/-/balanced-match-0.4.1.tgz"
    },
    "base62": {
      "version": "0.1.1",
      "from": "base62@0.1.1",
      "resolved": "https://registry.npmjs.org/base62/-/base62-0.1.1.tgz"
    },
    "block-stream": {
      "version": "0.0.9",
      "from": "block-stream@*",
      "resolved": "https://registry.npmjs.org/block-stream/-/block-stream-0.0.9.tgz"
    },
    "brace-expansion": {
      "version": "1.1.4",
      "from": "brace-expansion@>=1.0.0 <2.0.0",
      "resolved": "https://registry.npmjs.org/brace-expansion/-/brace-expansion-1.1.4.tgz"
    },
    "concat-map": {
      "version": "0.0.1",
      "from": "concat-map@0.0.1",
      "resolved": "https://registry.npmjs.org/concat-map/-/concat-map-0.0.1.tgz"
    },
    "envify": {
      "version": "3.4.0",
      "from": "envify@>=3.4.0 <4.0.0",
      "resolved": "https://registry.npmjs.org/envify/-/envify-3.4.0.tgz"
    },
    "esprima-fb": {
      "version": "13001.1001.0-dev-harmony-fb",
      "from": "esprima-fb@13001.1001.0-dev-harmony-fb",
      "resolved": "https://registry.npmjs.org/esprima-fb/-/esprima-fb-13001.1001.0-dev-harmony-fb.tgz"
    },
    "fstream": {
      "version": "0.1.31",
      "from": "fstream@>=0.1.24 <0.2.0",
      "resolved": "https://registry.npmjs.org/fstream/-/fstream-0.1.31.tgz"
    },
    "glob": {
      "version": "7.0.3",
      "from": "glob@>=7.0.0 <8.0.0",
      "resolved": "https://registry.npmjs.org/glob/-/glob-7.0.3.tgz"
    },
    "graceful-fs": {
      "version": "3.0.8",
      "from": "graceful-fs@>=3.0.2 <3.1.0",
      "resolved": "https://registry.npmjs.org/graceful-fs/-/graceful-fs-3.0.8.tgz"
    },
    "hammerjs": {
      "version": "2.0.8",
      "from": "hammerjs@>=2.0.4 <3.0.0",
      "resolved": "https://registry.npmjs.org/hammerjs/-/hammerjs-2.0.8.tgz"
    },
    "inflight": {
      "version": "1.0.5",
      "from": "inflight@>=1.0.4 <2.0.0",
      "resolved": "https://registry.npmjs.org/inflight/-/inflight-1.0.5.tgz"
    },
    "inherits": {
      "version": "2.0.1",
      "from": "inherits@>=2.0.0 <2.1.0",
      "resolved": "https://registry.npmjs.org/inherits/-/inherits-2.0.1.tgz"
    },
    "jquery": {
      "version": "2.2.4",
      "from": "jquery@>=2.1.4 <3.0.0",
      "resolved": "https://registry.npmjs.org/jquery/-/jquery-2.2.4.tgz"
    },
    "jstransform": {
      "version": "10.1.0",
      "from": "jstransform@>=10.0.1 <11.0.0",
      "resolved": "https://registry.npmjs.org/jstransform/-/jstransform-10.1.0.tgz"
    },
    "material-design-icons": {
      "version": "2.2.3",
      "from": "material-design-icons@2.2.3",
      "resolved": "https://registry.npmjs.org/material-design-icons/-/material-design-icons-2.2.3.tgz"
    },
    "materialize-css": {
      "version": "0.97.6",
      "from": "materialize-css@0.97.6",
      "resolved": "https://registry.npmjs.org/materialize-css/-/materialize-css-0.97.6.tgz"
    },
    "minimatch": {
      "version": "3.0.0",
      "from": "minimatch@>=2.0.0 <3.0.0||>=3.0.0 <4.0.0",
      "resolved": "https://registry.npmjs.org/minimatch/-/minimatch-3.0.0.tgz"
    },
    "minimist": {
      "version": "0.0.8",
      "from": "minimist@0.0.8",
      "resolved": "https://registry.npmjs.org/minimist/-/minimist-0.0.8.tgz"
    },
    "mkdirp": {
      "version": "0.5.1",
      "from": "mkdirp@>=0.5.0 <0.6.0",
      "resolved": "https://registry.npmjs.org/mkdirp/-/mkdirp-0.5.1.tgz"
    },
    "node-archiver": {
      "version": "0.2.0",
      "from": "node-archiver@>=0.2.0 <0.3.0",
      "resolved": "https://registry.npmjs.org/node-archiver/-/node-archiver-0.2.0.tgz"
    },
    "once": {
      "version": "1.3.3",
      "from": "once@>=1.3.0 <2.0.0",
      "resolved": "https://registry.npmjs.org/once/-/once-1.3.3.tgz"
    },
    "path-is-absolute": {
      "version": "1.0.0",
      "from": "path-is-absolute@>=1.0.0 <2.0.0",
      "resolved": "https://registry.npmjs.org/path-is-absolute/-/path-is-absolute-1.0.0.tgz"
    },
    "rimraf": {
      "version": "2.5.2",
      "from": "rimraf@>=2.0.0 <3.0.0",
      "resolved": "https://registry.npmjs.org/rimraf/-/rimraf-2.5.2.tgz"
    },
    "source-map": {
      "version": "0.1.31",
      "from": "source-map@0.1.31",
      "resolved": "https://registry.npmjs.org/source-map/-/source-map-0.1.31.tgz"
    },
    "tar": {
      "version": "0.1.20",
      "from": "tar@>=0.1.18 <0.2.0",
      "resolved": "https://registry.npmjs.org/tar/-/tar-0.1.20.tgz"
    },
    "through": {
      "version": "2.3.8",
      "from": "through@>=2.3.4 <2.4.0",
      "resolved": "https://registry.npmjs.org/through/-/through-2.3.8.tgz"
    },
    "vue": {
      "version": "1.0.24",
      "from": "vue@1.0.24",
      "resolved": "https://registry.npmjs.org/vue/-/vue-1.0.24.tgz"
    },
    "vuex": {
      "version": "0.6.3",
      "from": "vuex@0.6.3",
      "resolved": "https://registry.npmjs.org/vuex/-/vuex-0.6.3.tgz"
    },
    "wrappy": {
      "version": "1.0.2",
      "from": "wrappy@>=1.0.0 <2.0.0",
      "resolved": "https://registry.npmjs.org/wrappy/-/wrappy-1.0.2.tgz"
    }
  }
}
